Microsoft Visual Studio Solution File, Format Version 12.00
# Visual Studio 16
Project("{8BC9CEB8-8B4A-11D0-8D11-00A0C91BC942}") = "ALL_BUILD", "ALL_BUILD.vcxproj", "{FB79A5F3-77DC-3250-81F1-A21319C3E0F5}"
	ProjectSection(ProjectDependencies) = postProject
		{48AAEBF9-30F9-3C72-888F-547C86ADB15E} = {48AAEBF9-30F9-3C72-888F-547C86ADB15E}
		{5922DEDD-994B-3663-AE91-EFC9ABEB3896} = {5922DEDD-994B-3663-AE91-EFC9ABEB3896}
		{CE05202D-DD08-3403-84B1-C6E89351CC88} = {CE05202D-DD08-3403-84B1-C6E89351CC88}
		{268269DB-E6B4-3B8B-BDE1-157EBBC15EFC} = {268269DB-E6B4-3B8B-BDE1-157EBBC15EFC}
	EndProjectSection
EndProject
Project("{8BC9CEB8-8B4A-11D0-8D11-00A0C91BC942}") = "ZERO_CHECK", "ZERO_CHECK.vcxproj", "{48AAEBF9-30F9-3C72-888F-547C86ADB15E}"
	ProjectSection(ProjectDependencies) = postProject
	EndProjectSection
EndProject
Project("{8BC9CEB8-8B4A-11D0-8D11-00A0C91BC942}") = "gtest", "gtest\gtest.vcxproj", "{5922DEDD-994B-3663-AE91-EFC9ABEB3896}"
	ProjectSection(ProjectDependencies) = postProject
		{48AAEBF9-30F9-3C72-888F-547C86ADB15E} = {48AAEBF9-30F9-3C72-888F-547C86ADB15E}
	EndProjectSection
EndProject
Project("{8BC9CEB8-8B4A-11D0-8D11-00A0C91BC942}") = "matrix", "include\matrix.vcxproj", "{F5DB9E9D-2C89-371D-A425-4494BF039E8B}"
	ProjectSection(ProjectDependencies) = postProject
		{48AAEBF9-30F9-3C72-888F-547C86ADB15E} = {48AAEBF9-30F9-3C72-888F-547C86ADB15E}
	EndProjectSection
EndProject
Project("{8BC9CEB8-8B4A-11D0-8D11-00A0C91BC942}") = "sample_matrix", "samples\sample_matrix.vcxproj", "{CE05202D-DD08-3403-84B1-C6E89351CC88}"
	ProjectSection(ProjectDependencies) = postProject
		{48AAEBF9-30F9-3C72-888F-547C86ADB15E} = {48AAEBF9-30F9-3C72-888F-547C86ADB15E}
	EndProjectSection
EndProject
Project("{8BC9CEB8-8B4A-11D0-8D11-00A0C91BC942}") = "test_matrix", "test\test_matrix.vcxproj", "{268269DB-E6B4-3B8B-BDE1-157EBBC15EFC}"
	ProjectSection(ProjectDependencies) = postProject
		{48AAEBF9-30F9-3C72-888F-547C86ADB15E} = {48AAEBF9-30F9-3C72-888F-547C86ADB15E}
		{5922DEDD-994B-3663-AE91-EFC9ABEB3896} = {5922DEDD-994B-3663-AE91-EFC9ABEB3896}
	EndProjectSection
EndProject
Global
	GlobalSection(SolutionConfigurationPlatforms) = preSolution
		Debug|x64 = Debug|x64
		Release|x64 = Release|x64
	EndGlobalSection
	GlobalSection(ProjectConfigurationPlatforms) = postSolution
		{FB79A5F3-77DC-3250-81F1-A21319C3E0F5}.Debug|x64.ActiveCfg = Debug|x64
		{FB79A5F3-77DC-3250-81F1-A21319C3E0F5}.Release|x64.ActiveCfg = Release|x64
		{48AAEBF9-30F9-3C72-888F-547C86ADB15E}.Debug|x64.ActiveCfg = Debug|x64
		{48AAEBF9-30F9-3C72-888F-547C86ADB15E}.Debug|x64.Build.0 = Debug|x64
		{48AAEBF9-30F9-3C72-888F-547C86ADB15E}.Release|x64.ActiveCfg = Release|x64
		{48AAEBF9-30F9-3C72-888F-547C86ADB15E}.Release|x64.Build.0 = Release|x64
		{5922DEDD-994B-3663-AE91-EFC9ABEB3896}.Debug|x64.ActiveCfg = Debug|x64
		{5922DEDD-994B-3663-AE91-EFC9ABEB3896}.Debug|x64.Build.0 = Debug|x64
		{5922DEDD-994B-3663-AE91-EFC9ABEB3896}.Release|x64.ActiveCfg = Release|x64
		{5922DEDD-994B-3663-AE91-EFC9ABEB3896}.Release|x64.Build.0 = Release|x64
		{F5DB9E9D-2C89-371D-A425-4494BF039E8B}.Debug|x64.ActiveCfg = Debug|x64
		{F5DB9E9D-2C89-371D-A425-4494BF039E8B}.Release|x64.ActiveCfg = Release|x64
		{CE05202D-DD08-3403-84B1-C6E89351CC88}.Debug|x64.ActiveCfg = Debug|x64
		{CE05202D-DD08-3403-84B1-C6E89351CC88}.Debug|x64.Build.0 = Debug|x64
		{CE05202D-DD08-3403-84B1-C6E89351CC88}.Release|x64.ActiveCfg = Release|x64
		{CE05202D-DD08-3403-84B1-C6E89351CC88}.Release|x64.Build.0 = Release|x64
		{268269DB-E6B4-3B8B-BDE1-157EBBC15EFC}.Debug|x64.ActiveCfg = Debug|x64
		{268269DB-E6B4-3B8B-BDE1-157EBBC15EFC}.Debug|x64.Build.0 = Debug|x64
		{268269DB-E6B4-3B8B-BDE1-157EBBC15EFC}.Release|x64.ActiveCfg = Release|x64
		{268269DB-E6B4-3B8B-BDE1-157EBBC15EFC}.Release|x64.Build.0 = Release|x64
	EndGlobalSection
	GlobalSection(ExtensibilityGlobals) = postSolution
		SolutionGuid = {547580C6-2B42-3BD8-8FFC-DFC91B9C876E}
	EndGlobalSection
	GlobalSection(ExtensibilityAddIns) = postSolution
	EndGlobalSection
EndGlobal
